
Microsoft Visual Studio Solution File, Format Version 12.00
# Visual Studio Version 16
VisualStudioVersion = 16.0.30011.22
MinimumVisualStudioVersion = 10.0.40219.1
Project("{FAE04EC0-301F-11D3-BF4B-00C04F79EFBC}") = "SalesWebMvc", "SalesWebMvc\SalesWebMvc.csproj", "{46A4C6BE-673C-4F8D-ADAD-047271EC275A}"
EndProject
Global
	GlobalSection(SolutionConfigurationPlatforms) = preSolution
		Debug|Any CPU = Debug|Any CPU
		Release|Any CPU = Release|Any CPU
	EndGlobalSection
	GlobalSection(ProjectConfigurationPlatforms) = postSolution
		{46A4C6BE-673C-4F8D-ADAD-047271EC275A}.Debug|Any CPU.ActiveCfg = Debug|Any CPU
		{46A4C6BE-673C-4F8D-ADAD-047271EC275A}.Debug|Any CPU.Build.0 = Debug|Any CPU
		{46A4C6BE-673C-4F8D-ADAD-047271EC275A}.Release|Any CPU.ActiveCfg = Release|Any CPU
		{46A4C6BE-673C-4F8D-ADAD-047271EC275A}.Release|Any CPU.Build.0 = Release|Any CPU
	EndGlobalSection
	GlobalSection(SolutionProperties) = preSolution
		HideSolutionNode = FALSE
	EndGlobalSection
	GlobalSection(ExtensibilityGlobals) = postSolution
		SolutionGuid = {3D562E0C-ED4E-4077-B457-EEF12845F10E}
	EndGlobalSection
EndGlobal
